
Microsoft Visual Studio Solution File, Format Version 12.00
# Visual Studio 15
VisualStudioVersion = 15.0.27703.2047
MinimumVisualStudioVersion = 10.0.40219.1
Project("{9A19103F-16F7-4668-BE54-9A1E7A4F7556}") = "EntidadesAbstractas", "Clases Abstractas\EntidadesAbstractas.csproj", "{F0A2D21A-BE8F-49E2-A35E-F75A21738B1F}"
EndProject
Project("{9A19103F-16F7-4668-BE54-9A1E7A4F7556}") = "Excepciones", "..\Excepciones\Excepciones.csproj", "{32C69BE8-51D9-4F34-B00B-2FB7980F83A4}"
EndProject
Project("{FAE04EC0-301F-11D3-BF4B-00C04F79EFBC}") = "Archivos", "Archivos\Archivos.csproj", "{77B83273-EEDE-4E6B-9FE4-5D2725145E7B}"
EndProject
Project("{FAE04EC0-301F-11D3-BF4B-00C04F79EFBC}") = "Clases Instanciables", "Clases Instanciables\Clases Instanciables.csproj", "{B980B758-028A-4B05-B705-149E1E5D0240}"
EndProject
Project("{FAE04EC0-301F-11D3-BF4B-00C04F79EFBC}") = "Main", "Main\Main.csproj", "{7F4EB14D-086B-48A0-BBE2-A2AE37BB6F25}"
EndProject
Global
	GlobalSection(SolutionConfigurationPlatforms) = preSolution
		Debug|Any CPU = Debug|Any CPU
		Release|Any CPU = Release|Any CPU
	EndGlobalSection
	GlobalSection(ProjectConfigurationPlatforms) = postSolution
		{F0A2D21A-BE8F-49E2-A35E-F75A21738B1F}.Debug|Any CPU.ActiveCfg = Debug|Any CPU
		{F0A2D21A-BE8F-49E2-A35E-F75A21738B1F}.Debug|Any CPU.Build.0 = Debug|Any CPU
		{F0A2D21A-BE8F-49E2-A35E-F75A21738B1F}.Release|Any CPU.ActiveCfg = Release|Any CPU
		{F0A2D21A-BE8F-49E2-A35E-F75A21738B1F}.Release|Any CPU.Build.0 = Release|Any CPU
		{32C69BE8-51D9-4F34-B00B-2FB7980F83A4}.Debug|Any CPU.ActiveCfg = Debug|Any CPU
		{32C69BE8-51D9-4F34-B00B-2FB7980F83A4}.Debug|Any CPU.Build.0 = Debug|Any CPU
		{32C69BE8-51D9-4F34-B00B-2FB7980F83A4}.Release|Any CPU.ActiveCfg = Release|Any CPU
		{32C69BE8-51D9-4F34-B00B-2FB7980F83A4}.Release|Any CPU.Build.0 = Release|Any CPU
		{77B83273-EEDE-4E6B-9FE4-5D2725145E7B}.Debug|Any CPU.ActiveCfg = Debug|Any CPU
		{77B83273-EEDE-4E6B-9FE4-5D2725145E7B}.Debug|Any CPU.Build.0 = Debug|Any CPU
		{77B83273-EEDE-4E6B-9FE4-5D2725145E7B}.Release|Any CPU.ActiveCfg = Release|Any CPU
		{77B83273-EEDE-4E6B-9FE4-5D2725145E7B}.Release|Any CPU.Build.0 = Release|Any CPU
		{B980B758-028A-4B05-B705-149E1E5D0240}.Debug|Any CPU.ActiveCfg = Debug|Any CPU
		{B980B758-028A-4B05-B705-149E1E5D0240}.Debug|Any CPU.Build.0 = Debug|Any CPU
		{B980B758-028A-4B05-B705-149E1E5D0240}.Release|Any CPU.ActiveCfg = Release|Any CPU
		{B980B758-028A-4B05-B705-149E1E5D0240}.Release|Any CPU.Build.0 = Release|Any CPU
		{7F4EB14D-086B-48A0-BBE2-A2AE37BB6F25}.Debug|Any CPU.ActiveCfg = Debug|Any CPU
		{7F4EB14D-086B-48A0-BBE2-A2AE37BB6F25}.Debug|Any CPU.Build.0 = Debug|Any CPU
		{7F4EB14D-086B-48A0-BBE2-A2AE37BB6F25}.Release|Any CPU.ActiveCfg = Release|Any CPU
		{7F4EB14D-086B-48A0-BBE2-A2AE37BB6F25}.Release|Any CPU.Build.0 = Release|Any CPU
	EndGlobalSection
	GlobalSection(SolutionProperties) = preSolution
		HideSolutionNode = FALSE
	EndGlobalSection
	GlobalSection(ExtensibilityGlobals) = postSolution
		SolutionGuid = {0D81CEC8-06A1-4044-AA52-F555AEE05990}
	EndGlobalSection
EndGlobal
