
Microsoft Visual Studio Solution File, Format Version 12.00
# Visual Studio 15
VisualStudioVersion = 15.0.27703.2047
MinimumVisualStudioVersion = 10.0.40219.1
Project("{9A19103F-16F7-4668-BE54-9A1E7A4F7556}") = "Entidades", "Entidades\Entidades.csproj", "{05A66AE1-1ECD-4885-AD4E-EAA2EF018DA9}"
EndProject
Project("{FAE04EC0-301F-11D3-BF4B-00C04F79EFBC}") = "MiCalculadora", "MiCalculadora\MiCalculadora.csproj", "{C59B6A03-2B69-4DF5-A545-892B7B796DA5}"
EndProject
Global
	GlobalSection(SolutionConfigurationPlatforms) = preSolution
		Debug|Any CPU = Debug|Any CPU
		Release|Any CPU = Release|Any CPU
	EndGlobalSection
	GlobalSection(ProjectConfigurationPlatforms) = postSolution
		{05A66AE1-1ECD-4885-AD4E-EAA2EF018DA9}.Debug|Any CPU.ActiveCfg = Debug|Any CPU
		{05A66AE1-1ECD-4885-AD4E-EAA2EF018DA9}.Debug|Any CPU.Build.0 = Debug|Any CPU
		{05A66AE1-1ECD-4885-AD4E-EAA2EF018DA9}.Release|Any CPU.ActiveCfg = Release|Any CPU
		{05A66AE1-1ECD-4885-AD4E-EAA2EF018DA9}.Release|Any CPU.Build.0 = Release|Any CPU
		{C59B6A03-2B69-4DF5-A545-892B7B796DA5}.Debug|Any CPU.ActiveCfg = Debug|Any CPU
		{C59B6A03-2B69-4DF5-A545-892B7B796DA5}.Debug|Any CPU.Build.0 = Debug|Any CPU
		{C59B6A03-2B69-4DF5-A545-892B7B796DA5}.Release|Any CPU.ActiveCfg = Release|Any CPU
		{C59B6A03-2B69-4DF5-A545-892B7B796DA5}.Release|Any CPU.Build.0 = Release|Any CPU
	EndGlobalSection
	GlobalSection(SolutionProperties) = preSolution
		HideSolutionNode = FALSE
	EndGlobalSection
	GlobalSection(ExtensibilityGlobals) = postSolution
		SolutionGuid = {566AD3FB-EAE7-4095-AD6F-F2BDC9C8E9B4}
	EndGlobalSection
EndGlobal
